{
  "name": "example",
  "version": "1.0.0",
  "lockfileVersion": 1,
  "requires": true,
  "dependencies": {
    "@rbxts/compiler-types": {
      "version": "1.0.0-beta.8.0",
      "resolved": "https://registry.npmjs.org/@rbxts/compiler-types/-/compiler-types-1.0.0-beta.8.0.tgz",
      "integrity": "sha512-fn6slmL4O6kFfxZg2d9cEk+RRUUBwYqRAIBZsBPmEyvra68E3Q7SbG5o8y9hmwqrWI3EypDDWsTOtOskjYiHGA==",
      "dev": true
    },
    "@rbxts/types": {
      "version": "1.0.428",
      "resolved": "https://registry.npmjs.org/@rbxts/types/-/types-1.0.428.tgz",
      "integrity": "sha512-uOQgBgdrmPaMiAgvoDJZGjMgqb/V9D4aSH3HTuQqVSHyFIb+RjgIWo90F/ZiM4qrJehbdxQuFoQje68rNTcopQ==",
      "dev": true,
      "requires": {
        "@rbxts/compiler-types": "*"
      }
    },
    "dotenv": {
      "version": "8.2.0",
      "resolved": "https://registry.npmjs.org/dotenv/-/dotenv-8.2.0.tgz",
      "integrity": "sha512-8sJ78ElpbDJBHNeBzUbUVLsqKdccaa/BXF1uPTw3GrvQTBgrQrtObr2mUrE38vzYd8cEv+m/JBfDLioYcfXoaw=="
    },
    "rbxts-transform-env": {
      "version": "file:..",
      "requires": {
        "dotenv": "^8.2.0",
        "typescript": "^4.1.2"
      },
      "dependencies": {
        "@types/node": {
          "version": "14.14.11",
          "resolved": "https://registry.npmjs.org/@types/node/-/node-14.14.11.tgz",
          "integrity": "sha512-BJ97wAUuU3NUiUCp44xzUFquQEvnk1wu7q4CMEUYKJWjdkr0YWYDsm4RFtAvxYsNjLsKcrFt6RvK8r+mnzMbEQ=="
        },
        "typescript": {
          "version": "4.1.2",
          "resolved": "https://registry.npmjs.org/typescript/-/typescript-4.1.2.tgz",
          "integrity": "sha512-thGloWsGH3SOxv1SoY7QojKi0tc+8FnOmiarEGMbd/lar7QOEd3hvlx3Fp5y6FlDUGl9L+pd4n2e+oToGMmhRQ=="
        }
      }
    }
  }
}
