{
  "name": "example",
  "version": "1.0.0",
  "lockfileVersion": 1,
  "requires": true,
  "dependencies": {
    "@rbxts/compiler-types": {
      "version": "1.0.0-types.0",
      "resolved": "https://registry.npmjs.org/@rbxts/compiler-types/-/compiler-types-1.0.0-types.0.tgz",
      "integrity": "sha512-DMYByLmapF5T04l1Jmg71BZNmR8sFhDt/aq9aV9X8JjnQimnCCBFK+FzdHh9Nx40D/o+k9vYn5aS58g8kISlYQ==",
      "dev": true
    },
    "@rbxts/types": {
      "version": "1.0.428",
      "resolved": "https://registry.npmjs.org/@rbxts/types/-/types-1.0.428.tgz",
      "integrity": "sha512-uOQgBgdrmPaMiAgvoDJZGjMgqb/V9D4aSH3HTuQqVSHyFIb+RjgIWo90F/ZiM4qrJehbdxQuFoQje68rNTcopQ==",
      "dev": true,
      "requires": {
        "@rbxts/compiler-types": "*"
      }
    },
    "colors": {
      "version": "1.4.0",
      "resolved": "https://registry.npmjs.org/colors/-/colors-1.4.0.tgz",
      "integrity": "sha512-a+UqTh4kgZg/SlGvfbzDHpgRu7AAQOmmqRHJnxhRZICKFUT91brVhNNt58CMWU9PsBbv3PDCZUHbVxuDiH2mtA=="
    },
    "dotenv": {
      "version": "8.2.0",
      "resolved": "https://registry.npmjs.org/dotenv/-/dotenv-8.2.0.tgz",
      "integrity": "sha512-8sJ78ElpbDJBHNeBzUbUVLsqKdccaa/BXF1uPTw3GrvQTBgrQrtObr2mUrE38vzYd8cEv+m/JBfDLioYcfXoaw=="
    },
    "rbxts-transform-debug": {
      "version": "0.1.0",
      "resolved": "https://registry.npmjs.org/rbxts-transform-debug/-/rbxts-transform-debug-0.1.0.tgz",
      "integrity": "sha512-epcrKcYJ1Tct7FkYpJhZS2lgOQKeul5fB0DQYRFQQQjLObd9RpYsyjz4ZJi0pF9vxvlxC0jvhdVZgiS0PRDeXw==",
      "dev": true,
      "requires": {
        "colors": "^1.4.0",
        "dotenv": "^8.2.0",
        "typescript": "^4.1.2"
      }
    },
    "rbxts-transform-env": {
      "version": "file:..",
      "requires": {
        "colors": "^1.4.0",
        "dotenv": "^8.2.0",
        "typescript": "^4.1.2"
      },
      "dependencies": {
        "@types/node": {
          "version": "14.14.11",
          "resolved": "https://registry.npmjs.org/@types/node/-/node-14.14.11.tgz",
          "integrity": "sha512-BJ97wAUuU3NUiUCp44xzUFquQEvnk1wu7q4CMEUYKJWjdkr0YWYDsm4RFtAvxYsNjLsKcrFt6RvK8r+mnzMbEQ=="
        },
        "typescript": {
          "version": "4.1.2",
          "resolved": "https://registry.npmjs.org/typescript/-/typescript-4.1.2.tgz",
          "integrity": "sha512-thGloWsGH3SOxv1SoY7QojKi0tc+8FnOmiarEGMbd/lar7QOEd3hvlx3Fp5y6FlDUGl9L+pd4n2e+oToGMmhRQ=="
        }
      }
    },
    "typescript": {
      "version": "4.1.3",
      "resolved": "https://registry.npmjs.org/typescript/-/typescript-4.1.3.tgz",
      "integrity": "sha512-B3ZIOf1IKeH2ixgHhj6la6xdwR9QrLC5d1VKeCSY4tvkqhF2eqd9O7txNlS0PO3GrBAFIdr3L1ndNwteUbZLYg==",
      "dev": true
    }
  }
}
